
Microsoft Visual Studio Solution File, Format Version 12.00
# Visual Studio 2012
Project("{8BC9CEB8-8B4A-11D0-8D11-00A0C91BC942}") = "APM_nano_addon", "APM_nano_addon.vcxproj", "{FDDBEA92-E706-4A68-B342-AD2B3096CB15}"
EndProject
Global
	GlobalSection(SolutionConfigurationPlatforms) = preSolution
		Debug|Win32 = Debug|Win32
		Release|Win32 = Release|Win32
	EndGlobalSection
	GlobalSection(ProjectConfigurationPlatforms) = postSolution
		{FDDBEA92-E706-4A68-B342-AD2B3096CB15}.Debug|Win32.ActiveCfg = Debug|Win32
		{FDDBEA92-E706-4A68-B342-AD2B3096CB15}.Debug|Win32.Build.0 = Debug|Win32
		{FDDBEA92-E706-4A68-B342-AD2B3096CB15}.Release|Win32.ActiveCfg = Release|Win32
		{FDDBEA92-E706-4A68-B342-AD2B3096CB15}.Release|Win32.Build.0 = Release|Win32
	EndGlobalSection
	GlobalSection(SolutionProperties) = preSolution
		HideSolutionNode = FALSE
	EndGlobalSection
EndGlobal
